// !$*UTF8*$!
{
	archiveVersion = 1;
	classes = {
	};
	objectVersion = 50;
	objects = {

/* Begin PBXBuildFile section */
		017725332611DE8A00D9F7E3 /* AppDelegate.swift in Sources */ = {isa = PBXBuildFile; fileRef = 017725322611DE8A00D9F7E3 /* AppDelegate.swift */; };
		017725352611DE8A00D9F7E3 /* SceneDelegate.swift in Sources */ = {isa = PBXBuildFile; fileRef = 017725342611DE8A00D9F7E3 /* SceneDelegate.swift */; };
		017725372611DE8A00D9F7E3 /* ViewController.swift in Sources */ = {isa = PBXBuildFile; fileRef = 017725362611DE8A00D9F7E3 /* ViewController.swift */; };
		0177253A2611DE8A00D9F7E3 /* Main.storyboard in Resources */ = {isa = PBXBuildFile; fileRef = 017725382611DE8A00D9F7E3 /* Main.storyboard */; };
		0177253C2611DE8F00D9F7E3 /* Assets.xcassets in Resources */ = {isa = PBXBuildFile; fileRef = 0177253B2611DE8F00D9F7E3 /* Assets.xcassets */; };
		0177253F2611DE8F00D9F7E3 /* LaunchScreen.storyboard in Resources */ = {isa = PBXBuildFile; fileRef = 0177253D2611DE8F00D9F7E3 /* LaunchScreen.storyboard */; };
		0177254A2611DE8F00D9F7E3 /* ToDoListTests.swift in Sources */ = {isa = PBXBuildFile; fileRef = 017725492611DE8F00D9F7E3 /* ToDoListTests.swift */; };
		017725552611DE8F00D9F7E3 /* ToDoListUITests.swift in Sources */ = {isa = PBXBuildFile; fileRef = 017725542611DE8F00D9F7E3 /* ToDoListUITests.swift */; };
/* End PBXBuildFile section */

/* Begin PBXContainerItemProxy section */
		017725462611DE8F00D9F7E3 /* PBXContainerItemProxy */ = {
			isa = PBXContainerItemProxy;
			containerPortal = 017725272611DE8A00D9F7E3 /* Project object */;
			proxyType = 1;
			remoteGlobalIDString = 0177252E2611DE8A00D9F7E3;
			remoteInfo = ToDoList;
		};
		017725512611DE8F00D9F7E3 /* PBXContainerItemProxy */ = {
			isa = PBXContainerItemProxy;
			containerPortal = 017725272611DE8A00D9F7E3 /* Project object */;
			proxyType = 1;
			remoteGlobalIDString = 0177252E2611DE8A00D9F7E3;
			remoteInfo = ToDoList;
		};
/* End PBXContainerItemProxy section */

/* Begin PBXFileReference section */
		0177252F2611DE8A00D9F7E3 /* ToDoList.app */ = {isa = PBXFileReference; explicitFileType = wrapper.application; includeInIndex = 0; path = ToDoList.app; sourceTree = BUILT_PRODUCTS_DIR; };
		017725322611DE8A00D9F7E3 /* AppDelegate.swift */ = {isa = PBXFileReference; lastKnownFileType = sourcecode.swift; path = AppDelegate.swift; sourceTree = "<group>"; };
		017725342611DE8A00D9F7E3 /* SceneDelegate.swift */ = {isa = PBXFileReference; lastKnownFileType = sourcecode.swift; path = SceneDelegate.swift; sourceTree = "<group>"; };
		017725362611DE8A00D9F7E3 /* ViewController.swift */ = {isa = PBXFileReference; lastKnownFileType = sourcecode.swift; path = ViewController.swift; sourceTree = "<group>"; };
		017725392611DE8A00D9F7E3 /* Base */ = {isa = PBXFileReference; lastKnownFileType = file.storyboard; name = Base; path = Base.lproj/Main.storyboard; sourceTree = "<group>"; };
		0177253B2611DE8F00D9F7E3 /* Assets.xcassets */ = {isa = PBXFileReference; lastKnownFileType = folder.assetcatalog; path = Assets.xcassets; sourceTree = "<group>"; };
		0177253E2611DE8F00D9F7E3 /* Base */ = {isa = PBXFileReference; lastKnownFileType = file.storyboard; name = Base; path = Base.lproj/LaunchScreen.storyboard; sourceTree = "<group>"; };
		017725402611DE8F00D9F7E3 /* Info.plist */ = {isa = PBXFileReference; lastKnownFileType = text.plist.xml; path = Info.plist; sourceTree = "<group>"; };
		017725452611DE8F00D9F7E3 /* ToDoListTests.xctest */ = {isa = PBXFileReference; explicitFileType = wrapper.cfbundle; includeInIndex = 0; path = ToDoListTests.xctest; sourceTree = BUILT_PRODUCTS_DIR; };
		017725492611DE8F00D9F7E3 /* ToDoListTests.swift */ = {isa = PBXFileReference; lastKnownFileType = sourcecode.swift; path = ToDoListTests.swift; sourceTree = "<group>"; };
		0177254B2611DE8F00D9F7E3 /* Info.plist */ = {isa = PBXFileReference; lastKnownFileType = text.plist.xml; path = Info.plist; sourceTree = "<group>"; };
		017725502611DE8F00D9F7E3 /* ToDoListUITests.xctest */ = {isa = PBXFileReference; explicitFileType = wrapper.cfbundle; includeInIndex = 0; path = ToDoListUITests.xctest; sourceTree = BUILT_PRODUCTS_DIR; };
		017725542611DE8F00D9F7E3 /* ToDoListUITests.swift */ = {isa = PBXFileReference; lastKnownFileType = sourcecode.swift; path = ToDoListUITests.swift; sourceTree = "<group>"; };
		017725562611DE8F00D9F7E3 /* Info.plist */ = {isa = PBXFileReference; lastKnownFileType = text.plist.xml; path = Info.plist; sourceTree = "<group>"; };
/* End PBXFileReference section */

/* Begin PBXFrameworksBuildPhase section */
		0177252C2611DE8A00D9F7E3 /* Frameworks */ = {
			isa = PBXFrameworksBuildPhase;
			buildActionMask = 2147483647;
			files = (
			);
			runOnlyForDeploymentPostprocessing = 0;
		};
		017725422611DE8F00D9F7E3 /* Frameworks */ = {
			isa = PBXFrameworksBuildPhase;
			buildActionMask = 2147483647;
			files = (
			);
			runOnlyForDeploymentPostprocessing = 0;
		};
		0177254D2611DE8F00D9F7E3 /* Frameworks */ = {
			isa = PBXFrameworksBuildPhase;
			buildActionMask = 2147483647;
			files = (
			);
			runOnlyForDeploymentPostprocessing = 0;
		};
/* End PBXFrameworksBuildPhase section */

/* Begin PBXGroup section */
		017725262611DE8A00D9F7E3 = {
			isa = PBXGroup;
			children = (
				017725312611DE8A00D9F7E3 /* ToDoList */,
				017725482611DE8F00D9F7E3 /* ToDoListTests */,
				017725532611DE8F00D9F7E3 /* ToDoListUITests */,
				017725302611DE8A00D9F7E3 /* Products */,
			);
			sourceTree = "<group>";
		};
		017725302611DE8A00D9F7E3 /* Products */ = {
			isa = PBXGroup;
			children = (
				0177252F2611DE8A00D9F7E3 /* ToDoList.app */,
				017725452611DE8F00D9F7E3 /* ToDoListTests.xctest */,
				017725502611DE8F00D9F7E3 /* ToDoListUITests.xctest */,
			);
			name = Products;
			sourceTree = "<group>";
		};
		017725312611DE8A00D9F7E3 /* ToDoList */ = {
			isa = PBXGroup;
			children = (
				017725322611DE8A00D9F7E3 /* AppDelegate.swift */,
				017725342611DE8A00D9F7E3 /* SceneDelegate.swift */,
				017725362611DE8A00D9F7E3 /* ViewController.swift */,
				017725382611DE8A00D9F7E3 /* Main.storyboard */,
				0177253B2611DE8F00D9F7E3 /* Assets.xcassets */,
				0177253D2611DE8F00D9F7E3 /* LaunchScreen.storyboard */,
				017725402611DE8F00D9F7E3 /* Info.plist */,
			);
			path = ToDoList;
			sourceTree = "<group>";
		};
		017725482611DE8F00D9F7E3 /* ToDoListTests */ = {
			isa = PBXGroup;
			children = (
				017725492611DE8F00D9F7E3 /* ToDoListTests.swift */,
				0177254B2611DE8F00D9F7E3 /* Info.plist */,
			);
			path = ToDoListTests;
			sourceTree = "<group>";
		};
		017725532611DE8F00D9F7E3 /* ToDoListUITests */ = {
			isa = PBXGroup;
			children = (
				017725542611DE8F00D9F7E3 /* ToDoListUITests.swift */,
				017725562611DE8F00D9F7E3 /* Info.plist */,
			);
			path = ToDoListUITests;
			sourceTree = "<group>";
		};
/* End PBXGroup section */

/* Begin PBXNativeTarget section */
		0177252E2611DE8A00D9F7E3 /* ToDoList */ = {
			isa = PBXNativeTarget;
			buildConfigurationList = 017725592611DE8F00D9F7E3 /* Build configuration list for PBXNativeTarget "ToDoList" */;
			buildPhases = (
				0177252B2611DE8A00D9F7E3 /* Sources */,
				0177252C2611DE8A00D9F7E3 /* Frameworks */,
				0177252D2611DE8A00D9F7E3 /* Resources */,
			);
			buildRules = (
			);
			dependencies = (
			);
			name = ToDoList;
			productName = ToDoList;
			productReference = 0177252F2611DE8A00D9F7E3 /* ToDoList.app */;
			productType = "com.apple.product-type.application";
		};
		017725442611DE8F00D9F7E3 /* ToDoListTests */ = {
			isa = PBXNativeTarget;
			buildConfigurationList = 0177255C2611DE8F00D9F7E3 /* Build configuration list for PBXNativeTarget "ToDoListTests" */;
			buildPhases = (
				017725412611DE8F00D9F7E3 /* Sources */,
				017725422611DE8F00D9F7E3 /* Frameworks */,
				017725432611DE8F00D9F7E3 /* Resources */,
			);
			buildRules = (
			);
			dependencies = (
				017725472611DE8F00D9F7E3 /* PBXTargetDependency */,
			);
			name = ToDoListTests;
			productName = ToDoListTests;
			productReference = 017725452611DE8F00D9F7E3 /* ToDoListTests.xctest */;
			productType = "com.apple.product-type.bundle.unit-test";
		};
		0177254F2611DE8F00D9F7E3 /* ToDoListUITests */ = {
			isa = PBXNativeTarget;
			buildConfigurationList = 0177255F2611DE8F00D9F7E3 /* Build configuration list for PBXNativeTarget "ToDoListUITests" */;
			buildPhases = (
				0177254C2611DE8F00D9F7E3 /* Sources */,
				0177254D2611DE8F00D9F7E3 /* Frameworks */,
				0177254E2611DE8F00D9F7E3 /* Resources */,
			);
			buildRules = (
			);
			dependencies = (
				017725522611DE8F00D9F7E3 /* PBXTargetDependency */,
			);
			name = ToDoListUITests;
			productName = ToDoListUITests;
			productReference = 017725502611DE8F00D9F7E3 /* ToDoListUITests.xctest */;
			productType = "com.apple.product-type.bundle.ui-testing";
		};
/* End PBXNativeTarget section */

/* Begin PBXProject section */
		017725272611DE8A00D9F7E3 /* Project object */ = {
			isa = PBXProject;
			attributes = {
				LastSwiftUpdateCheck = 1240;
				LastUpgradeCheck = 1240;
				TargetAttributes = {
					0177252E2611DE8A00D9F7E3 = {
						CreatedOnToolsVersion = 12.4;
					};
					017725442611DE8F00D9F7E3 = {
						CreatedOnToolsVersion = 12.4;
						TestTargetID = 0177252E2611DE8A00D9F7E3;
					};
					0177254F2611DE8F00D9F7E3 = {
						CreatedOnToolsVersion = 12.4;
						TestTargetID = 0177252E2611DE8A00D9F7E3;
					};
				};
			};
			buildConfigurationList = 0177252A2611DE8A00D9F7E3 /* Build configuration list for PBXProject "ToDoList" */;
			compatibilityVersion = "Xcode 9.3";
			developmentRegion = en;
			hasScannedForEncodings = 0;
			knownRegions = (
				en,
				Base,
			);
			mainGroup = 017725262611DE8A00D9F7E3;
			productRefGroup = 017725302611DE8A00D9F7E3 /* Products */;
			projectDirPath = "";
			projectRoot = "";
			targets = (
				0177252E2611DE8A00D9F7E3 /* ToDoList */,
				017725442611DE8F00D9F7E3 /* ToDoListTests */,
				0177254F2611DE8F00D9F7E3 /* ToDoListUITests */,
			);
		};
/* End PBXProject section */

/* Begin PBXResourcesBuildPhase section */
		0177252D2611DE8A00D9F7E3 /* Resources */ = {
			isa = PBXResourcesBuildPhase;
			buildActionMask = 2147483647;
			files = (
				0177253F2611DE8F00D9F7E3 /* LaunchScreen.storyboard in Resources */,
				0177253C2611DE8F00D9F7E3 /* Assets.xcassets in Resources */,
				0177253A2611DE8A00D9F7E3 /* Main.storyboard in Resources */,
			);
			runOnlyForDeploymentPostprocessing = 0;
		};
		017725432611DE8F00D9F7E3 /* Resources */ = {
			isa = PBXResourcesBuildPhase;
			buildActionMask = 2147483647;
			files = (
			);
			runOnlyForDeploymentPostprocessing = 0;
		};
		0177254E2611DE8F00D9F7E3 /* Resources */ = {
			isa = PBXResourcesBuildPhase;
			buildActionMask = 2147483647;
			files = (
			);
			runOnlyForDeploymentPostprocessing = 0;
		};
/* End PBXResourcesBuildPhase section */

/* Begin PBXSourcesBuildPhase section */
		0177252B2611DE8A00D9F7E3 /* Sources */ = {
			isa = PBXSourcesBuildPhase;
			buildActionMask = 2147483647;
			files = (
				017725372611DE8A00D9F7E3 /* ViewController.swift in Sources */,
				017725332611DE8A00D9F7E3 /* AppDelegate.swift in Sources */,
				017725352611DE8A00D9F7E3 /* SceneDelegate.swift in Sources */,
			);
			runOnlyForDeploymentPostprocessing = 0;
		};
		017725412611DE8F00D9F7E3 /* Sources */ = {
			isa = PBXSourcesBuildPhase;
			buildActionMask = 2147483647;
			files = (
				0177254A2611DE8F00D9F7E3 /* ToDoListTests.swift in Sources */,
			);
			runOnlyForDeploymentPostprocessing = 0;
		};
		0177254C2611DE8F00D9F7E3 /* Sources */ = {
			isa = PBXSourcesBuildPhase;
			buildActionMask = 2147483647;
			files = (
				017725552611DE8F00D9F7E3 /* ToDoListUITests.swift in Sources */,
			);
			runOnlyForDeploymentPostprocessing = 0;
		};
/* End PBXSourcesBuildPhase section */

/* Begin PBXTargetDependency section */
		017725472611DE8F00D9F7E3 /* PBXTargetDependency */ = {
			isa = PBXTargetDependency;
			target = 0177252E2611DE8A00D9F7E3 /* ToDoList */;
			targetProxy = 017725462611DE8F00D9F7E3 /* PBXContainerItemProxy */;
		};
		017725522611DE8F00D9F7E3 /* PBXTargetDependency */ = {
			isa = PBXTargetDependency;
			target = 0177252E2611DE8A00D9F7E3 /* ToDoList */;
			targetProxy = 017725512611DE8F00D9F7E3 /* PBXContainerItemProxy */;
		};
/* End PBXTargetDependency section */

/* Begin PBXVariantGroup section */
		017725382611DE8A00D9F7E3 /* Main.storyboard */ = {
			isa = PBXVariantGroup;
			children = (
				017725392611DE8A00D9F7E3 /* Base */,
			);
			name = Main.storyboard;
			sourceTree = "<group>";
		};
		0177253D2611DE8F00D9F7E3 /* LaunchScreen.storyboard */ = {
			isa = PBXVariantGroup;
			children = (
				0177253E2611DE8F00D9F7E3 /* Base */,
			);
			name = LaunchScreen.storyboard;
			sourceTree = "<group>";
		};
/* End PBXVariantGroup section */

/* Begin XCBuildConfiguration section */
		017725572611DE8F00D9F7E3 /* Debug */ = {
			isa = XCBuildConfiguration;
			buildSettings = {
				ALWAYS_SEARCH_USER_PATHS = NO;
				CLANG_ANALYZER_NONNULL = YES;
				CLANG_ANALYZER_NUMBER_OBJECT_CONVERSION = YES_AGGRESSIVE;
				CLANG_CXX_LANGUAGE_STANDARD = "gnu++14";
				CLANG_CXX_LIBRARY = "libc++";
				CLANG_ENABLE_MODULES = YES;
				CLANG_ENABLE_OBJC_ARC = YES;
				CLANG_ENABLE_OBJC_WEAK = YES;
				CLANG_WARN_BLOCK_CAPTURE_AUTORELEASING = YES;
				CLANG_WARN_BOOL_CONVERSION = YES;
				CLANG_WARN_COMMA = YES;
				CLANG_WARN_CONSTANT_CONVERSION = YES;
				CLANG_WARN_DEPRECATED_OBJC_IMPLEMENTATIONS = YES;
				CLANG_WARN_DIRECT_OBJC_ISA_USAGE = YES_ERROR;
				CLANG_WARN_DOCUMENTATION_COMMENTS = YES;
				CLANG_WARN_EMPTY_BODY = YES;
				CLANG_WARN_ENUM_CONVERSION = YES;
				CLANG_WARN_INFINITE_RECURSION = YES;
				CLANG_WARN_INT_CONVERSION = YES;
				CLANG_WARN_NON_LITERAL_NULL_CONVERSION = YES;
				CLANG_WARN_OBJC_IMPLICIT_RETAIN_SELF = YES;
				CLANG_WARN_OBJC_LITERAL_CONVERSION = YES;
				CLANG_WARN_OBJC_ROOT_CLASS = YES_ERROR;
				CLANG_WARN_QUOTED_INCLUDE_IN_FRAMEWORK_HEADER = YES;
				CLANG_WARN_RANGE_LOOP_ANALYSIS = YES;
				CLANG_WARN_STRICT_PROTOTYPES = YES;
				CLANG_WARN_SUSPICIOUS_MOVE = YES;
				CLANG_WARN_UNGUARDED_AVAILABILITY = YES_AGGRESSIVE;
				CLANG_WARN_UNREACHABLE_CODE = YES;
				CLANG_WARN__DUPLICATE_METHOD_MATCH = YES;
				COPY_PHASE_STRIP = NO;
				DEBUG_INFORMATION_FORMAT = dwarf;
				ENABLE_STRICT_OBJC_MSGSEND = YES;
				ENABLE_TESTABILITY = YES;
				GCC_C_LANGUAGE_STANDARD = gnu11;
				GCC_DYNAMIC_NO_PIC = NO;
				GCC_NO_COMMON_BLOCKS = YES;
				GCC_OPTIMIZATION_LEVEL = 0;
				GCC_PREPROCESSOR_DEFINITIONS = (
					"DEBUG=1",
					"$(inherited)",
				);
				GCC_WARN_64_TO_32_BIT_CONVERSION = YES;
				GCC_WARN_ABOUT_RETURN_TYPE = YES_ERROR;
				GCC_WARN_UNDECLARED_SELECTOR = YES;
				GCC_WARN_UNINITIALIZED_AUTOS = YES_AGGRESSIVE;
				GCC_WARN_UNUSED_FUNCTION = YES;
				GCC_WARN_UNUSED_VARIABLE = YES;
				IPHONEOS_DEPLOYMENT_TARGET = 14.4;
				MTL_ENABLE_DEBUG_INFO = INCLUDE_SOURCE;
				MTL_FAST_MATH = YES;
				ONLY_ACTIVE_ARCH = YES;
				SDKROOT = iphoneos;
				SWIFT_ACTIVE_COMPILATION_CONDITIONS = DEBUG;
				SWIFT_OPTIMIZATION_LEVEL = "-Onone";
			};
			name = Debug;
		};
		017725582611DE8F00D9F7E3 /* Release */ = {
			isa = XCBuildConfiguration;
			buildSettings = {
				ALWAYS_SEARCH_USER_PATHS = NO;
				CLANG_ANALYZER_NONNULL = YES;
				CLANG_ANALYZER_NUMBER_OBJECT_CONVERSION = YES_AGGRESSIVE;
				CLANG_CXX_LANGUAGE_STANDARD = "gnu++14";
				CLANG_CXX_LIBRARY = "libc++";
				CLANG_ENABLE_MODULES = YES;
				CLANG_ENABLE_OBJC_ARC = YES;
				CLANG_ENABLE_OBJC_WEAK = YES;
				CLANG_WARN_BLOCK_CAPTURE_AUTORELEASING = YES;
				CLANG_WARN_BOOL_CONVERSION = YES;
				CLANG_WARN_COMMA = YES;
				CLANG_WARN_CONSTANT_CONVERSION = YES;
				CLANG_WARN_DEPRECATED_OBJC_IMPLEMENTATIONS = YES;
				CLANG_WARN_DIRECT_OBJC_ISA_USAGE = YES_ERROR;
				CLANG_WARN_DOCUMENTATION_COMMENTS = YES;
				CLANG_WARN_EMPTY_BODY = YES;
				CLANG_WARN_ENUM_CONVERSION = YES;
				CLANG_WARN_INFINITE_RECURSION = YES;
				CLANG_WARN_INT_CONVERSION = YES;
				CLANG_WARN_NON_LITERAL_NULL_CONVERSION = YES;
				CLANG_WARN_OBJC_IMPLICIT_RETAIN_SELF = YES;
				CLANG_WARN_OBJC_LITERAL_CONVERSION = YES;
				CLANG_WARN_OBJC_ROOT_CLASS = YES_ERROR;
				CLANG_WARN_QUOTED_INCLUDE_IN_FRAMEWORK_HEADER = YES;
				CLANG_WARN_RANGE_LOOP_ANALYSIS = YES;
				CLANG_WARN_STRICT_PROTOTYPES = YES;
				CLANG_WARN_SUSPICIOUS_MOVE = YES;
				CLANG_WARN_UNGUARDED_AVAILABILITY = YES_AGGRESSIVE;
				CLANG_WARN_UNREACHABLE_CODE = YES;
				CLANG_WARN__DUPLICATE_METHOD_MATCH = YES;
				COPY_PHASE_STRIP = NO;
				DEBUG_INFORMATION_FORMAT = "dwarf-with-dsym";
				ENABLE_NS_ASSERTIONS = NO;
				ENABLE_STRICT_OBJC_MSGSEND = YES;
				GCC_C_LANGUAGE_STANDARD = gnu11;
				GCC_NO_COMMON_BLOCKS = YES;
				GCC_WARN_64_TO_32_BIT_CONVERSION = YES;
				GCC_WARN_ABOUT_RETURN_TYPE = YES_ERROR;
				GCC_WARN_UNDECLARED_SELECTOR = YES;
				GCC_WARN_UNINITIALIZED_AUTOS = YES_AGGRESSIVE;
				GCC_WARN_UNUSED_FUNCTION = YES;
				GCC_WARN_UNUSED_VARIABLE = YES;
				IPHONEOS_DEPLOYMENT_TARGET = 14.4;
				MTL_ENABLE_DEBUG_INFO = NO;
				MTL_FAST_MATH = YES;
				SDKROOT = iphoneos;
				SWIFT_COMPILATION_MODE = wholemodule;
				SWIFT_OPTIMIZATION_LEVEL = "-O";
				VALIDATE_PRODUCT = YES;
			};
			name = Release;
		};
		0177255A2611DE8F00D9F7E3 /* Debug */ = {
			isa = XCBuildConfiguration;
			buildSettings = {
				ASSETCATALOG_COMPILER_APPICON_NAME = AppIcon;
				ASSETCATALOG_COMPILER_GLOBAL_ACCENT_COLOR_NAME = AccentColor;
				CODE_SIGN_STYLE = Automatic;
				DEVELOPMENT_TEAM = PS3NLBL8W9;
				INFOPLIST_FILE = ToDoList/Info.plist;
				LD_RUNPATH_SEARCH_PATHS = (
					"$(inherited)",
					"@executable_path/Frameworks",
				);
				PRODUCT_BUNDLE_IDENTIFIER = com.example.ToDoList;
				PRODUCT_NAME = "$(TARGET_NAME)";
				SWIFT_VERSION = 5.0;
				TARGETED_DEVICE_FAMILY = "1,2";
			};
			name = Debug;
		};
		0177255B2611DE8F00D9F7E3 /* Release */ = {
			isa = XCBuildConfiguration;
			buildSettings = {
				ASSETCATALOG_COMPILER_APPICON_NAME = AppIcon;
				ASSETCATALOG_COMPILER_GLOBAL_ACCENT_COLOR_NAME = AccentColor;
				CODE_SIGN_STYLE = Automatic;
				DEVELOPMENT_TEAM = PS3NLBL8W9;
				INFOPLIST_FILE = ToDoList/Info.plist;
				LD_RUNPATH_SEARCH_PATHS = (
					"$(inherited)",
					"@executable_path/Frameworks",
				);
				PRODUCT_BUNDLE_IDENTIFIER = com.example.ToDoList;
				PRODUCT_NAME = "$(TARGET_NAME)";
				SWIFT_VERSION = 5.0;
				TARGETED_DEVICE_FAMILY = "1,2";
			};
			name = Release;
		};
		0177255D2611DE8F00D9F7E3 /* Debug */ = {
			isa = XCBuildConfiguration;
			buildSettings = {
				ALWAYS_EMBED_SWIFT_STANDARD_LIBRARIES = YES;
				BUNDLE_LOADER = "$(TEST_HOST)";
				CODE_SIGN_STYLE = Automatic;
				DEVELOPMENT_TEAM = PS3NLBL8W9;
				INFOPLIST_FILE = ToDoListTests/Info.plist;
				IPHONEOS_DEPLOYMENT_TARGET = 14.4;
				LD_RUNPATH_SEARCH_PATHS = (
					"$(inherited)",
					"@executable_path/Frameworks",
					"@loader_path/Frameworks",
				);
				PRODUCT_BUNDLE_IDENTIFIER = com.example.ToDoListTests;
				PRODUCT_NAME = "$(TARGET_NAME)";
				SWIFT_VERSION = 5.0;
				TARGETED_DEVICE_FAMILY = "1,2";
				TEST_HOST = "$(BUILT_PRODUCTS_DIR)/ToDoList.app/ToDoList";
			};
			name = Debug;
		};
		0177255E2611DE8F00D9F7E3 /* Release */ = {
			isa = XCBuildConfiguration;
			buildSettings = {
				ALWAYS_EMBED_SWIFT_STANDARD_LIBRARIES = YES;
				BUNDLE_LOADER = "$(TEST_HOST)";
				CODE_SIGN_STYLE = Automatic;
				DEVELOPMENT_TEAM = PS3NLBL8W9;
				INFOPLIST_FILE = ToDoListTests/Info.plist;
				IPHONEOS_DEPLOYMENT_TARGET = 14.4;
				LD_RUNPATH_SEARCH_PATHS = (
					"$(inherited)",
					"@executable_path/Frameworks",
					"@loader_path/Frameworks",
				);
				PRODUCT_BUNDLE_IDENTIFIER = com.example.ToDoListTests;
				PRODUCT_NAME = "$(TARGET_NAME)";
				SWIFT_VERSION = 5.0;
				TARGETED_DEVICE_FAMILY = "1,2";
				TEST_HOST = "$(BUILT_PRODUCTS_DIR)/ToDoList.app/ToDoList";
			};
			name = Release;
		};
		017725602611DE8F00D9F7E3 /* Debug */ = {
			isa = XCBuildConfiguration;
			buildSettings = {
				ALWAYS_EMBED_SWIFT_STANDARD_LIBRARIES = YES;
				CODE_SIGN_STYLE = Automatic;
				DEVELOPMENT_TEAM = PS3NLBL8W9;
				INFOPLIST_FILE = ToDoListUITests/Info.plist;
				LD_RUNPATH_SEARCH_PATHS = (
					"$(inherited)",
					"@executable_path/Frameworks",
					"@loader_path/Frameworks",
				);
				PRODUCT_BUNDLE_IDENTIFIER = com.example.ToDoListUITests;
				PRODUCT_NAME = "$(TARGET_NAME)";
				SWIFT_VERSION = 5.0;
				TARGETED_DEVICE_FAMILY = "1,2";
				TEST_TARGET_NAME = ToDoList;
			};
			name = Debug;
		};
		017725612611DE8F00D9F7E3 /* Release */ = {
			isa = XCBuildConfiguration;
			buildSettings = {
				ALWAYS_EMBED_SWIFT_STANDARD_LIBRARIES = YES;
				CODE_SIGN_STYLE = Automatic;
				DEVELOPMENT_TEAM = PS3NLBL8W9;
				INFOPLIST_FILE = ToDoListUITests/Info.plist;
				LD_RUNPATH_SEARCH_PATHS = (
					"$(inherited)",
					"@executable_path/Frameworks",
					"@loader_path/Frameworks",
				);
				PRODUCT_BUNDLE_IDENTIFIER = com.example.ToDoListUITests;
				PRODUCT_NAME = "$(TARGET_NAME)";
				SWIFT_VERSION = 5.0;
				TARGETED_DEVICE_FAMILY = "1,2";
				TEST_TARGET_NAME = ToDoList;
			};
			name = Release;
		};
/* End XCBuildConfiguration section */

/* Begin XCConfigurationList section */
		0177252A2611DE8A00D9F7E3 /* Build configuration list for PBXProject "ToDoList" */ = {
			isa = XCConfigurationList;
			buildConfigurations = (
				017725572611DE8F00D9F7E3 /* Debug */,
				017725582611DE8F00D9F7E3 /* Release */,
			);
			defaultConfigurationIsVisible = 0;
			defaultConfigurationName = Release;
		};
		017725592611DE8F00D9F7E3 /* Build configuration list for PBXNativeTarget "ToDoList" */ = {
			isa = XCConfigurationList;
			buildConfigurations = (
				0177255A2611DE8F00D9F7E3 /* Debug */,
				0177255B2611DE8F00D9F7E3 /* Release */,
			);
			defaultConfigurationIsVisible = 0;
			defaultConfigurationName = Release;
		};
		0177255C2611DE8F00D9F7E3 /* Build configuration list for PBXNativeTarget "ToDoListTests" */ = {
			isa = XCConfigurationList;
			buildConfigurations = (
				0177255D2611DE8F00D9F7E3 /* Debug */,
				0177255E2611DE8F00D9F7E3 /* Release */,
			);
			defaultConfigurationIsVisible = 0;
			defaultConfigurationName = Release;
		};
		0177255F2611DE8F00D9F7E3 /* Build configuration list for PBXNativeTarget "ToDoListUITests" */ = {
			isa = XCConfigurationList;
			buildConfigurations = (
				017725602611DE8F00D9F7E3 /* Debug */,
				017725612611DE8F00D9F7E3 /* Release */,
			);
			defaultConfigurationIsVisible = 0;
			defaultConfigurationName = Release;
		};
/* End XCConfigurationList section */
	};
	rootObject = 017725272611DE8A00D9F7E3 /* Project object */;
}
